
Microsoft Visual Studio Solution File, Format Version 12.00
# Visual Studio 15
VisualStudioVersion = 15.0.28307.572
MinimumVisualStudioVersion = 10.0.40219.1
Project("{FAE04EC0-301F-11D3-BF4B-00C04F79EFBC}") = "LinkSorter", "LinkSorter\LinkSorter.csproj", "{455822E0-97AA-4296-AD13-CC356DE9E748}"
EndProject
Global
	GlobalSection(SolutionConfigurationPlatforms) = preSolution
		Debug|Any CPU = Debug|Any CPU
		Release|Any CPU = Release|Any CPU
	EndGlobalSection
	GlobalSection(ProjectConfigurationPlatforms) = postSolution
		{455822E0-97AA-4296-AD13-CC356DE9E748}.Debug|Any CPU.ActiveCfg = Debug|Any CPU
		{455822E0-97AA-4296-AD13-CC356DE9E748}.Debug|Any CPU.Build.0 = Debug|Any CPU
		{455822E0-97AA-4296-AD13-CC356DE9E748}.Release|Any CPU.ActiveCfg = Release|Any CPU
		{455822E0-97AA-4296-AD13-CC356DE9E748}.Release|Any CPU.Build.0 = Release|Any CPU
	EndGlobalSection
	GlobalSection(SolutionProperties) = preSolution
		HideSolutionNode = FALSE
	EndGlobalSection
	GlobalSection(ExtensibilityGlobals) = postSolution
		SolutionGuid = {1AC54027-541A-4A1E-AE23-CB6FCD18145F}
	EndGlobalSection
EndGlobal
